
Microsoft Visual Studio Solution File, Format Version 12.00
# Visual Studio Version 16
VisualStudioVersion = 16.0.30709.132
MinimumVisualStudioVersion = 15.0.26124.0
Project("{9A19103F-16F7-4668-BE54-9A1E7A4F7556}") = "Day01", "Day01\Day01.csproj", "{33D2B172-33DA-4AC3-9403-F2E674A653AA}"
EndProject
Project("{9A19103F-16F7-4668-BE54-9A1E7A4F7556}") = "Day02", "Day02\Day02.csproj", "{EF7B2848-A90D-4C52-BA6E-D8079C84C697}"
EndProject
Project("{9A19103F-16F7-4668-BE54-9A1E7A4F7556}") = "Day03", "Day03\Day03.csproj", "{856F1EC9-6FD8-4F00-8DAF-6FA7BB4FF5A3}"
EndProject
Project("{FAE04EC0-301F-11D3-BF4B-00C04F79EFBC}") = "Day04", "Day04\Day04.csproj", "{C6240668-BA0B-4681-BE9D-9B722A820176}"
EndProject
Project("{FAE04EC0-301F-11D3-BF4B-00C04F79EFBC}") = "Day05", "Day05\Day05.csproj", "{521BF160-8401-4761-8649-881DCCCE0EE0}"
EndProject
Project("{FAE04EC0-301F-11D3-BF4B-00C04F79EFBC}") = "Day06", "Day06\Day06.csproj", "{E931C028-2D6D-4D76-A46B-555B34DD544D}"
EndProject
Project("{FAE04EC0-301F-11D3-BF4B-00C04F79EFBC}") = "Day07", "Day07\Day07.csproj", "{61FCB283-C6AA-4187-B92C-22F8B3AF141B}"
EndProject
Project("{FAE04EC0-301F-11D3-BF4B-00C04F79EFBC}") = "Day08", "Day08\Day08.csproj", "{ED0815DF-8DF2-4DDA-BD41-0DF80BB8F3CD}"
EndProject
Project("{FAE04EC0-301F-11D3-BF4B-00C04F79EFBC}") = "Day09", "Day09\Day09.csproj", "{4BFF7E19-E59F-4D9D-BA1F-8ABF9D8A32E8}"
EndProject
Project("{FAE04EC0-301F-11D3-BF4B-00C04F79EFBC}") = "Day10", "Day10\Day10.csproj", "{AE207993-550D-4690-8899-F6F953AEC24A}"
EndProject
Project("{FAE04EC0-301F-11D3-BF4B-00C04F79EFBC}") = "Day11", "Day11\Day11.csproj", "{95781C05-6BF5-4772-9718-45C23C7DADC8}"
EndProject
Project("{FAE04EC0-301F-11D3-BF4B-00C04F79EFBC}") = "Day12", "Day12\Day12.csproj", "{86ED84F1-FFD6-4B2F-85C9-0EF9D809F22F}"
EndProject
Global
	GlobalSection(SolutionConfigurationPlatforms) = preSolution
		Debug|Any CPU = Debug|Any CPU
		Debug|x64 = Debug|x64
		Debug|x86 = Debug|x86
		Release|Any CPU = Release|Any CPU
		Release|x64 = Release|x64
		Release|x86 = Release|x86
	EndGlobalSection
	GlobalSection(ProjectConfigurationPlatforms) = postSolution
		{33D2B172-33DA-4AC3-9403-F2E674A653AA}.Debug|Any CPU.ActiveCfg = Debug|Any CPU
		{33D2B172-33DA-4AC3-9403-F2E674A653AA}.Debug|Any CPU.Build.0 = Debug|Any CPU
		{33D2B172-33DA-4AC3-9403-F2E674A653AA}.Debug|x64.ActiveCfg = Debug|Any CPU
		{33D2B172-33DA-4AC3-9403-F2E674A653AA}.Debug|x64.Build.0 = Debug|Any CPU
		{33D2B172-33DA-4AC3-9403-F2E674A653AA}.Debug|x86.ActiveCfg = Debug|Any CPU
		{33D2B172-33DA-4AC3-9403-F2E674A653AA}.Debug|x86.Build.0 = Debug|Any CPU
		{33D2B172-33DA-4AC3-9403-F2E674A653AA}.Release|Any CPU.ActiveCfg = Release|Any CPU
		{33D2B172-33DA-4AC3-9403-F2E674A653AA}.Release|Any CPU.Build.0 = Release|Any CPU
		{33D2B172-33DA-4AC3-9403-F2E674A653AA}.Release|x64.ActiveCfg = Release|Any CPU
		{33D2B172-33DA-4AC3-9403-F2E674A653AA}.Release|x64.Build.0 = Release|Any CPU
		{33D2B172-33DA-4AC3-9403-F2E674A653AA}.Release|x86.ActiveCfg = Release|Any CPU
		{33D2B172-33DA-4AC3-9403-F2E674A653AA}.Release|x86.Build.0 = Release|Any CPU
		{856F1EC9-6FD8-4F00-8DAF-6FA7BB4FF5A3}.Debug|Any CPU.ActiveCfg = Debug|Any CPU
		{856F1EC9-6FD8-4F00-8DAF-6FA7BB4FF5A3}.Debug|Any CPU.Build.0 = Debug|Any CPU
		{856F1EC9-6FD8-4F00-8DAF-6FA7BB4FF5A3}.Debug|x64.ActiveCfg = Debug|Any CPU
		{856F1EC9-6FD8-4F00-8DAF-6FA7BB4FF5A3}.Debug|x64.Build.0 = Debug|Any CPU
		{856F1EC9-6FD8-4F00-8DAF-6FA7BB4FF5A3}.Debug|x86.ActiveCfg = Debug|Any CPU
		{856F1EC9-6FD8-4F00-8DAF-6FA7BB4FF5A3}.Debug|x86.Build.0 = Debug|Any CPU
		{856F1EC9-6FD8-4F00-8DAF-6FA7BB4FF5A3}.Release|Any CPU.ActiveCfg = Release|Any CPU
		{856F1EC9-6FD8-4F00-8DAF-6FA7BB4FF5A3}.Release|Any CPU.Build.0 = Release|Any CPU
		{856F1EC9-6FD8-4F00-8DAF-6FA7BB4FF5A3}.Release|x64.ActiveCfg = Release|Any CPU
		{856F1EC9-6FD8-4F00-8DAF-6FA7BB4FF5A3}.Release|x64.Build.0 = Release|Any CPU
		{856F1EC9-6FD8-4F00-8DAF-6FA7BB4FF5A3}.Release|x86.ActiveCfg = Release|Any CPU
		{856F1EC9-6FD8-4F00-8DAF-6FA7BB4FF5A3}.Release|x86.Build.0 = Release|Any CPU
		{EF7B2848-A90D-4C52-BA6E-D8079C84C697}.Debug|Any CPU.ActiveCfg = Debug|Any CPU
		{EF7B2848-A90D-4C52-BA6E-D8079C84C697}.Debug|Any CPU.Build.0 = Debug|Any CPU
		{EF7B2848-A90D-4C52-BA6E-D8079C84C697}.Debug|x64.ActiveCfg = Debug|Any CPU
		{EF7B2848-A90D-4C52-BA6E-D8079C84C697}.Debug|x64.Build.0 = Debug|Any CPU
		{EF7B2848-A90D-4C52-BA6E-D8079C84C697}.Debug|x86.ActiveCfg = Debug|Any CPU
		{EF7B2848-A90D-4C52-BA6E-D8079C84C697}.Debug|x86.Build.0 = Debug|Any CPU
		{EF7B2848-A90D-4C52-BA6E-D8079C84C697}.Release|Any CPU.ActiveCfg = Release|Any CPU
		{EF7B2848-A90D-4C52-BA6E-D8079C84C697}.Release|Any CPU.Build.0 = Release|Any CPU
		{EF7B2848-A90D-4C52-BA6E-D8079C84C697}.Release|x64.ActiveCfg = Release|Any CPU
		{EF7B2848-A90D-4C52-BA6E-D8079C84C697}.Release|x64.Build.0 = Release|Any CPU
		{EF7B2848-A90D-4C52-BA6E-D8079C84C697}.Release|x86.ActiveCfg = Release|Any CPU
		{EF7B2848-A90D-4C52-BA6E-D8079C84C697}.Release|x86.Build.0 = Release|Any CPU
		{C6240668-BA0B-4681-BE9D-9B722A820176}.Debug|Any CPU.ActiveCfg = Debug|Any CPU
		{C6240668-BA0B-4681-BE9D-9B722A820176}.Debug|Any CPU.Build.0 = Debug|Any CPU
		{C6240668-BA0B-4681-BE9D-9B722A820176}.Debug|x64.ActiveCfg = Debug|Any CPU
		{C6240668-BA0B-4681-BE9D-9B722A820176}.Debug|x64.Build.0 = Debug|Any CPU
		{C6240668-BA0B-4681-BE9D-9B722A820176}.Debug|x86.ActiveCfg = Debug|Any CPU
		{C6240668-BA0B-4681-BE9D-9B722A820176}.Debug|x86.Build.0 = Debug|Any CPU
		{C6240668-BA0B-4681-BE9D-9B722A820176}.Release|Any CPU.ActiveCfg = Release|Any CPU
		{C6240668-BA0B-4681-BE9D-9B722A820176}.Release|Any CPU.Build.0 = Release|Any CPU
		{C6240668-BA0B-4681-BE9D-9B722A820176}.Release|x64.ActiveCfg = Release|Any CPU
		{C6240668-BA0B-4681-BE9D-9B722A820176}.Release|x64.Build.0 = Release|Any CPU
		{C6240668-BA0B-4681-BE9D-9B722A820176}.Release|x86.ActiveCfg = Release|Any CPU
		{C6240668-BA0B-4681-BE9D-9B722A820176}.Release|x86.Build.0 = Release|Any CPU
		{521BF160-8401-4761-8649-881DCCCE0EE0}.Debug|Any CPU.ActiveCfg = Debug|Any CPU
		{521BF160-8401-4761-8649-881DCCCE0EE0}.Debug|Any CPU.Build.0 = Debug|Any CPU
		{521BF160-8401-4761-8649-881DCCCE0EE0}.Debug|x64.ActiveCfg = Debug|Any CPU
		{521BF160-8401-4761-8649-881DCCCE0EE0}.Debug|x64.Build.0 = Debug|Any CPU
		{521BF160-8401-4761-8649-881DCCCE0EE0}.Debug|x86.ActiveCfg = Debug|Any CPU
		{521BF160-8401-4761-8649-881DCCCE0EE0}.Debug|x86.Build.0 = Debug|Any CPU
		{521BF160-8401-4761-8649-881DCCCE0EE0}.Release|Any CPU.ActiveCfg = Release|Any CPU
		{521BF160-8401-4761-8649-881DCCCE0EE0}.Release|Any CPU.Build.0 = Release|Any CPU
		{521BF160-8401-4761-8649-881DCCCE0EE0}.Release|x64.ActiveCfg = Release|Any CPU
		{521BF160-8401-4761-8649-881DCCCE0EE0}.Release|x64.Build.0 = Release|Any CPU
		{521BF160-8401-4761-8649-881DCCCE0EE0}.Release|x86.ActiveCfg = Release|Any CPU
		{521BF160-8401-4761-8649-881DCCCE0EE0}.Release|x86.Build.0 = Release|Any CPU
		{E931C028-2D6D-4D76-A46B-555B34DD544D}.Debug|Any CPU.ActiveCfg = Debug|Any CPU
		{E931C028-2D6D-4D76-A46B-555B34DD544D}.Debug|Any CPU.Build.0 = Debug|Any CPU
		{E931C028-2D6D-4D76-A46B-555B34DD544D}.Debug|x64.ActiveCfg = Debug|Any CPU
		{E931C028-2D6D-4D76-A46B-555B34DD544D}.Debug|x64.Build.0 = Debug|Any CPU
		{E931C028-2D6D-4D76-A46B-555B34DD544D}.Debug|x86.ActiveCfg = Debug|Any CPU
		{E931C028-2D6D-4D76-A46B-555B34DD544D}.Debug|x86.Build.0 = Debug|Any CPU
		{E931C028-2D6D-4D76-A46B-555B34DD544D}.Release|Any CPU.ActiveCfg = Release|Any CPU
		{E931C028-2D6D-4D76-A46B-555B34DD544D}.Release|Any CPU.Build.0 = Release|Any CPU
		{E931C028-2D6D-4D76-A46B-555B34DD544D}.Release|x64.ActiveCfg = Release|Any CPU
		{E931C028-2D6D-4D76-A46B-555B34DD544D}.Release|x64.Build.0 = Release|Any CPU
		{E931C028-2D6D-4D76-A46B-555B34DD544D}.Release|x86.ActiveCfg = Release|Any CPU
		{E931C028-2D6D-4D76-A46B-555B34DD544D}.Release|x86.Build.0 = Release|Any CPU
		{61FCB283-C6AA-4187-B92C-22F8B3AF141B}.Debug|Any CPU.ActiveCfg = Debug|Any CPU
		{61FCB283-C6AA-4187-B92C-22F8B3AF141B}.Debug|Any CPU.Build.0 = Debug|Any CPU
		{61FCB283-C6AA-4187-B92C-22F8B3AF141B}.Debug|x64.ActiveCfg = Debug|Any CPU
		{61FCB283-C6AA-4187-B92C-22F8B3AF141B}.Debug|x64.Build.0 = Debug|Any CPU
		{61FCB283-C6AA-4187-B92C-22F8B3AF141B}.Debug|x86.ActiveCfg = Debug|Any CPU
		{61FCB283-C6AA-4187-B92C-22F8B3AF141B}.Debug|x86.Build.0 = Debug|Any CPU
		{61FCB283-C6AA-4187-B92C-22F8B3AF141B}.Release|Any CPU.ActiveCfg = Release|Any CPU
		{61FCB283-C6AA-4187-B92C-22F8B3AF141B}.Release|Any CPU.Build.0 = Release|Any CPU
		{61FCB283-C6AA-4187-B92C-22F8B3AF141B}.Release|x64.ActiveCfg = Release|Any CPU
		{61FCB283-C6AA-4187-B92C-22F8B3AF141B}.Release|x64.Build.0 = Release|Any CPU
		{61FCB283-C6AA-4187-B92C-22F8B3AF141B}.Release|x86.ActiveCfg = Release|Any CPU
		{61FCB283-C6AA-4187-B92C-22F8B3AF141B}.Release|x86.Build.0 = Release|Any CPU
		{ED0815DF-8DF2-4DDA-BD41-0DF80BB8F3CD}.Debug|Any CPU.ActiveCfg = Debug|Any CPU
		{ED0815DF-8DF2-4DDA-BD41-0DF80BB8F3CD}.Debug|Any CPU.Build.0 = Debug|Any CPU
		{ED0815DF-8DF2-4DDA-BD41-0DF80BB8F3CD}.Debug|x64.ActiveCfg = Debug|Any CPU
		{ED0815DF-8DF2-4DDA-BD41-0DF80BB8F3CD}.Debug|x64.Build.0 = Debug|Any CPU
		{ED0815DF-8DF2-4DDA-BD41-0DF80BB8F3CD}.Debug|x86.ActiveCfg = Debug|Any CPU
		{ED0815DF-8DF2-4DDA-BD41-0DF80BB8F3CD}.Debug|x86.Build.0 = Debug|Any CPU
		{ED0815DF-8DF2-4DDA-BD41-0DF80BB8F3CD}.Release|Any CPU.ActiveCfg = Release|Any CPU
		{ED0815DF-8DF2-4DDA-BD41-0DF80BB8F3CD}.Release|Any CPU.Build.0 = Release|Any CPU
		{ED0815DF-8DF2-4DDA-BD41-0DF80BB8F3CD}.Release|x64.ActiveCfg = Release|Any CPU
		{ED0815DF-8DF2-4DDA-BD41-0DF80BB8F3CD}.Release|x64.Build.0 = Release|Any CPU
		{ED0815DF-8DF2-4DDA-BD41-0DF80BB8F3CD}.Release|x86.ActiveCfg = Release|Any CPU
		{ED0815DF-8DF2-4DDA-BD41-0DF80BB8F3CD}.Release|x86.Build.0 = Release|Any CPU
		{4BFF7E19-E59F-4D9D-BA1F-8ABF9D8A32E8}.Debug|Any CPU.ActiveCfg = Debug|Any CPU
		{4BFF7E19-E59F-4D9D-BA1F-8ABF9D8A32E8}.Debug|Any CPU.Build.0 = Debug|Any CPU
		{4BFF7E19-E59F-4D9D-BA1F-8ABF9D8A32E8}.Debug|x64.ActiveCfg = Debug|Any CPU
		{4BFF7E19-E59F-4D9D-BA1F-8ABF9D8A32E8}.Debug|x64.Build.0 = Debug|Any CPU
		{4BFF7E19-E59F-4D9D-BA1F-8ABF9D8A32E8}.Debug|x86.ActiveCfg = Debug|Any CPU
		{4BFF7E19-E59F-4D9D-BA1F-8ABF9D8A32E8}.Debug|x86.Build.0 = Debug|Any CPU
		{4BFF7E19-E59F-4D9D-BA1F-8ABF9D8A32E8}.Release|Any CPU.ActiveCfg = Release|Any CPU
		{4BFF7E19-E59F-4D9D-BA1F-8ABF9D8A32E8}.Release|Any CPU.Build.0 = Release|Any CPU
		{4BFF7E19-E59F-4D9D-BA1F-8ABF9D8A32E8}.Release|x64.ActiveCfg = Release|Any CPU
		{4BFF7E19-E59F-4D9D-BA1F-8ABF9D8A32E8}.Release|x64.Build.0 = Release|Any CPU
		{4BFF7E19-E59F-4D9D-BA1F-8ABF9D8A32E8}.Release|x86.ActiveCfg = Release|Any CPU
		{4BFF7E19-E59F-4D9D-BA1F-8ABF9D8A32E8}.Release|x86.Build.0 = Release|Any CPU
		{AE207993-550D-4690-8899-F6F953AEC24A}.Debug|Any CPU.ActiveCfg = Debug|Any CPU
		{AE207993-550D-4690-8899-F6F953AEC24A}.Debug|Any CPU.Build.0 = Debug|Any CPU
		{AE207993-550D-4690-8899-F6F953AEC24A}.Debug|x64.ActiveCfg = Debug|Any CPU
		{AE207993-550D-4690-8899-F6F953AEC24A}.Debug|x64.Build.0 = Debug|Any CPU
		{AE207993-550D-4690-8899-F6F953AEC24A}.Debug|x86.ActiveCfg = Debug|Any CPU
		{AE207993-550D-4690-8899-F6F953AEC24A}.Debug|x86.Build.0 = Debug|Any CPU
		{AE207993-550D-4690-8899-F6F953AEC24A}.Release|Any CPU.ActiveCfg = Release|Any CPU
		{AE207993-550D-4690-8899-F6F953AEC24A}.Release|Any CPU.Build.0 = Release|Any CPU
		{AE207993-550D-4690-8899-F6F953AEC24A}.Release|x64.ActiveCfg = Release|Any CPU
		{AE207993-550D-4690-8899-F6F953AEC24A}.Release|x64.Build.0 = Release|Any CPU
		{AE207993-550D-4690-8899-F6F953AEC24A}.Release|x86.ActiveCfg = Release|Any CPU
		{AE207993-550D-4690-8899-F6F953AEC24A}.Release|x86.Build.0 = Release|Any CPU
		{95781C05-6BF5-4772-9718-45C23C7DADC8}.Debug|Any CPU.ActiveCfg = Debug|Any CPU
		{95781C05-6BF5-4772-9718-45C23C7DADC8}.Debug|Any CPU.Build.0 = Debug|Any CPU
		{95781C05-6BF5-4772-9718-45C23C7DADC8}.Debug|x64.ActiveCfg = Debug|Any CPU
		{95781C05-6BF5-4772-9718-45C23C7DADC8}.Debug|x64.Build.0 = Debug|Any CPU
		{95781C05-6BF5-4772-9718-45C23C7DADC8}.Debug|x86.ActiveCfg = Debug|Any CPU
		{95781C05-6BF5-4772-9718-45C23C7DADC8}.Debug|x86.Build.0 = Debug|Any CPU
		{95781C05-6BF5-4772-9718-45C23C7DADC8}.Release|Any CPU.ActiveCfg = Release|Any CPU
		{95781C05-6BF5-4772-9718-45C23C7DADC8}.Release|Any CPU.Build.0 = Release|Any CPU
		{95781C05-6BF5-4772-9718-45C23C7DADC8}.Release|x64.ActiveCfg = Release|Any CPU
		{95781C05-6BF5-4772-9718-45C23C7DADC8}.Release|x64.Build.0 = Release|Any CPU
		{95781C05-6BF5-4772-9718-45C23C7DADC8}.Release|x86.ActiveCfg = Release|Any CPU
		{95781C05-6BF5-4772-9718-45C23C7DADC8}.Release|x86.Build.0 = Release|Any CPU
		{86ED84F1-FFD6-4B2F-85C9-0EF9D809F22F}.Debug|Any CPU.ActiveCfg = Debug|Any CPU
		{86ED84F1-FFD6-4B2F-85C9-0EF9D809F22F}.Debug|Any CPU.Build.0 = Debug|Any CPU
		{86ED84F1-FFD6-4B2F-85C9-0EF9D809F22F}.Debug|x64.ActiveCfg = Debug|Any CPU
		{86ED84F1-FFD6-4B2F-85C9-0EF9D809F22F}.Debug|x64.Build.0 = Debug|Any CPU
		{86ED84F1-FFD6-4B2F-85C9-0EF9D809F22F}.Debug|x86.ActiveCfg = Debug|Any CPU
		{86ED84F1-FFD6-4B2F-85C9-0EF9D809F22F}.Debug|x86.Build.0 = Debug|Any CPU
		{86ED84F1-FFD6-4B2F-85C9-0EF9D809F22F}.Release|Any CPU.ActiveCfg = Release|Any CPU
		{86ED84F1-FFD6-4B2F-85C9-0EF9D809F22F}.Release|Any CPU.Build.0 = Release|Any CPU
		{86ED84F1-FFD6-4B2F-85C9-0EF9D809F22F}.Release|x64.ActiveCfg = Release|Any CPU
		{86ED84F1-FFD6-4B2F-85C9-0EF9D809F22F}.Release|x64.Build.0 = Release|Any CPU
		{86ED84F1-FFD6-4B2F-85C9-0EF9D809F22F}.Release|x86.ActiveCfg = Release|Any CPU
		{86ED84F1-FFD6-4B2F-85C9-0EF9D809F22F}.Release|x86.Build.0 = Release|Any CPU
	EndGlobalSection
	GlobalSection(SolutionProperties) = preSolution
		HideSolutionNode = FALSE
	EndGlobalSection
	GlobalSection(ExtensibilityGlobals) = postSolution
		SolutionGuid = {BF3C677A-C4BE-4D4A-821E-7B9A3AA74F52}
	EndGlobalSection
EndGlobal
